
Microsoft Visual Studio Solution File, Format Version 12.00
# Visual Studio 15
VisualStudioVersion = 15.0.28010.2016
MinimumVisualStudioVersion = 10.0.40219.1
Project("{FAE04EC0-301F-11D3-BF4B-00C04F79EFBC}") = "MvcMovie", "MvcMovie\MvcMovie.csproj", "{C7948A55-B9FD-4762-88ED-03CB32AD6CD3}"
EndProject
Global
	GlobalSection(SolutionConfigurationPlatforms) = preSolution
		Debug|Any CPU = Debug|Any CPU
		Release|Any CPU = Release|Any CPU
	EndGlobalSection
	GlobalSection(ProjectConfigurationPlatforms) = postSolution
		{C7948A55-B9FD-4762-88ED-03CB32AD6CD3}.Debug|Any CPU.ActiveCfg = Debug|Any CPU
		{C7948A55-B9FD-4762-88ED-03CB32AD6CD3}.Debug|Any CPU.Build.0 = Debug|Any CPU
		{C7948A55-B9FD-4762-88ED-03CB32AD6CD3}.Release|Any CPU.ActiveCfg = Release|Any CPU
		{C7948A55-B9FD-4762-88ED-03CB32AD6CD3}.Release|Any CPU.Build.0 = Release|Any CPU
	EndGlobalSection
	GlobalSection(SolutionProperties) = preSolution
		HideSolutionNode = FALSE
	EndGlobalSection
	GlobalSection(ExtensibilityGlobals) = postSolution
		SolutionGuid = {1A07C83F-4803-4B37-AC05-CB3A88F2DB40}
	EndGlobalSection
EndGlobal
